
Microsoft Visual Studio Solution File, Format Version 12.00
# Visual Studio Version 16
VisualStudioVersion = 16.0.31727.386
MinimumVisualStudioVersion = 10.0.40219.1
Project("{FAE04EC0-301F-11D3-BF4B-00C04F79EFBC}") = "Web_Lab", "Web_Lab.csproj", "{29AAB452-3A11-44F9-9728-D1F7294A0821}"
EndProject
Global
	GlobalSection(SolutionConfigurationPlatforms) = preSolution
		Debug|Any CPU = Debug|Any CPU
		Release|Any CPU = Release|Any CPU
	EndGlobalSection
	GlobalSection(ProjectConfigurationPlatforms) = postSolution
		{29AAB452-3A11-44F9-9728-D1F7294A0821}.Debug|Any CPU.ActiveCfg = Debug|Any CPU
		{29AAB452-3A11-44F9-9728-D1F7294A0821}.Debug|Any CPU.Build.0 = Debug|Any CPU
		{29AAB452-3A11-44F9-9728-D1F7294A0821}.Release|Any CPU.ActiveCfg = Release|Any CPU
		{29AAB452-3A11-44F9-9728-D1F7294A0821}.Release|Any CPU.Build.0 = Release|Any CPU
	EndGlobalSection
	GlobalSection(SolutionProperties) = preSolution
		HideSolutionNode = FALSE
	EndGlobalSection
	GlobalSection(ExtensibilityGlobals) = postSolution
		SolutionGuid = {10674192-1F1F-4318-8946-32D736AF33B2}
	EndGlobalSection
EndGlobal
