
Microsoft Visual Studio Solution File, Format Version 12.00
# Visual Studio Version 16
VisualStudioVersion = 16.0.30907.101
MinimumVisualStudioVersion = 10.0.40219.1
Project("{FAE04EC0-301F-11D3-BF4B-00C04F79EFBC}") = "JsonFirsTest", "JsonFirsTest.csproj", "{CFE2D756-6D84-4479-9AC2-B0602344283D}"
EndProject
Global
	GlobalSection(SolutionConfigurationPlatforms) = preSolution
		Debug|Any CPU = Debug|Any CPU
		Release|Any CPU = Release|Any CPU
	EndGlobalSection
	GlobalSection(ProjectConfigurationPlatforms) = postSolution
		{CFE2D756-6D84-4479-9AC2-B0602344283D}.Debug|Any CPU.ActiveCfg = Debug|Any CPU
		{CFE2D756-6D84-4479-9AC2-B0602344283D}.Debug|Any CPU.Build.0 = Debug|Any CPU
		{CFE2D756-6D84-4479-9AC2-B0602344283D}.Release|Any CPU.ActiveCfg = Release|Any CPU
		{CFE2D756-6D84-4479-9AC2-B0602344283D}.Release|Any CPU.Build.0 = Release|Any CPU
	EndGlobalSection
	GlobalSection(SolutionProperties) = preSolution
		HideSolutionNode = FALSE
	EndGlobalSection
	GlobalSection(ExtensibilityGlobals) = postSolution
		SolutionGuid = {FAD41E3A-EBC6-4487-9E60-179031F1A6BC}
	EndGlobalSection
EndGlobal
