
Microsoft Visual Studio Solution File, Format Version 12.00
# Visual Studio Version 16
VisualStudioVersion = 16.0.30907.101
MinimumVisualStudioVersion = 10.0.40219.1
Project("{FAE04EC0-301F-11D3-BF4B-00C04F79EFBC}") = "game_checkers", "game_checkers.csproj", "{5498BD48-2404-48DD-BD78-0ED996A995BF}"
EndProject
Global
	GlobalSection(SolutionConfigurationPlatforms) = preSolution
		Debug|Any CPU = Debug|Any CPU
		Release|Any CPU = Release|Any CPU
	EndGlobalSection
	GlobalSection(ProjectConfigurationPlatforms) = postSolution
		{5498BD48-2404-48DD-BD78-0ED996A995BF}.Debug|Any CPU.ActiveCfg = Debug|Any CPU
		{5498BD48-2404-48DD-BD78-0ED996A995BF}.Debug|Any CPU.Build.0 = Debug|Any CPU
		{5498BD48-2404-48DD-BD78-0ED996A995BF}.Release|Any CPU.ActiveCfg = Release|Any CPU
		{5498BD48-2404-48DD-BD78-0ED996A995BF}.Release|Any CPU.Build.0 = Release|Any CPU
	EndGlobalSection
	GlobalSection(SolutionProperties) = preSolution
		HideSolutionNode = FALSE
	EndGlobalSection
	GlobalSection(ExtensibilityGlobals) = postSolution
		SolutionGuid = {BDDD4F7A-4C32-443B-AF31-6B03FDDB5D49}
	EndGlobalSection
EndGlobal
