
Microsoft Visual Studio Solution File, Format Version 12.00
# Visual Studio Version 16
VisualStudioVersion = 16.0.30907.101
MinimumVisualStudioVersion = 10.0.40219.1
Project("{FAE04EC0-301F-11D3-BF4B-00C04F79EFBC}") = "lab5_3", "lab5_3.csproj", "{500116C3-1027-4A17-AF93-72A3957F03CE}"
EndProject
Global
	GlobalSection(SolutionConfigurationPlatforms) = preSolution
		Debug|Any CPU = Debug|Any CPU
		Release|Any CPU = Release|Any CPU
	EndGlobalSection
	GlobalSection(ProjectConfigurationPlatforms) = postSolution
		{500116C3-1027-4A17-AF93-72A3957F03CE}.Debug|Any CPU.ActiveCfg = Debug|Any CPU
		{500116C3-1027-4A17-AF93-72A3957F03CE}.Debug|Any CPU.Build.0 = Debug|Any CPU
		{500116C3-1027-4A17-AF93-72A3957F03CE}.Release|Any CPU.ActiveCfg = Release|Any CPU
		{500116C3-1027-4A17-AF93-72A3957F03CE}.Release|Any CPU.Build.0 = Release|Any CPU
	EndGlobalSection
	GlobalSection(SolutionProperties) = preSolution
		HideSolutionNode = FALSE
	EndGlobalSection
	GlobalSection(ExtensibilityGlobals) = postSolution
		SolutionGuid = {5AAEBF82-AE24-4111-9F1E-E44E0605046F}
	EndGlobalSection
EndGlobal
