
Microsoft Visual Studio Solution File, Format Version 12.00
# Visual Studio Version 16
VisualStudioVersion = 16.0.30907.101
MinimumVisualStudioVersion = 10.0.40219.1
Project("{FAE04EC0-301F-11D3-BF4B-00C04F79EFBC}") = "lab4_2", "lab4_2.csproj", "{F99A5D65-184A-4300-80A0-206194F031A3}"
EndProject
Global
	GlobalSection(SolutionConfigurationPlatforms) = preSolution
		Debug|Any CPU = Debug|Any CPU
		Release|Any CPU = Release|Any CPU
	EndGlobalSection
	GlobalSection(ProjectConfigurationPlatforms) = postSolution
		{F99A5D65-184A-4300-80A0-206194F031A3}.Debug|Any CPU.ActiveCfg = Debug|Any CPU
		{F99A5D65-184A-4300-80A0-206194F031A3}.Debug|Any CPU.Build.0 = Debug|Any CPU
		{F99A5D65-184A-4300-80A0-206194F031A3}.Release|Any CPU.ActiveCfg = Release|Any CPU
		{F99A5D65-184A-4300-80A0-206194F031A3}.Release|Any CPU.Build.0 = Release|Any CPU
	EndGlobalSection
	GlobalSection(SolutionProperties) = preSolution
		HideSolutionNode = FALSE
	EndGlobalSection
	GlobalSection(ExtensibilityGlobals) = postSolution
		SolutionGuid = {D4D5E515-E2A9-42A2-B140-FDFF3F9E255B}
	EndGlobalSection
EndGlobal
